
Microsoft Visual Studio Solution File, Format Version 12.00
# Visual Studio Version 17
VisualStudioVersion = 17.6.33815.320
MinimumVisualStudioVersion = 10.0.40219.1
Project("{FAE04EC0-301F-11D3-BF4B-00C04F79EFBC}") = "Affine transformations in space", "Affine transformations in space\Affine transformations in space.csproj", "{98B5B6DB-BA77-4D1A-B760-01489B3B3B7E}"
EndProject
Global
	GlobalSection(SolutionConfigurationPlatforms) = preSolution
		Debug|Any CPU = Debug|Any CPU
		Release|Any CPU = Release|Any CPU
	EndGlobalSection
	GlobalSection(ProjectConfigurationPlatforms) = postSolution
		{98B5B6DB-BA77-4D1A-B760-01489B3B3B7E}.Debug|Any CPU.ActiveCfg = Debug|Any CPU
		{98B5B6DB-BA77-4D1A-B760-01489B3B3B7E}.Debug|Any CPU.Build.0 = Debug|Any CPU
		{98B5B6DB-BA77-4D1A-B760-01489B3B3B7E}.Release|Any CPU.ActiveCfg = Release|Any CPU
		{98B5B6DB-BA77-4D1A-B760-01489B3B3B7E}.Release|Any CPU.Build.0 = Release|Any CPU
	EndGlobalSection
	GlobalSection(SolutionProperties) = preSolution
		HideSolutionNode = FALSE
	EndGlobalSection
	GlobalSection(ExtensibilityGlobals) = postSolution
		SolutionGuid = {89C7E553-7F0C-425B-A8BA-224ED3B81193}
	EndGlobalSection
EndGlobal
